// !$*UTF8*$!
{
	archiveVersion = 1;
	classes = {
	};
	objectVersion = 46;
	objects = {

/* Begin PBXBuildFile section */
		4DBD8B291F1C23E100B13C36 /* AppDelegate.swift in Sources */ = {isa = PBXBuildFile; fileRef = 4DBD8B281F1C23E100B13C36 /* AppDelegate.swift */; };
		4DBD8B2C1F1C23E100B13C36 /* Model.swift in Sources */ = {isa = PBXBuildFile; fileRef = 4DBD8B2B1F1C23E100B13C36 /* Model.swift */; };
		4DBD8B2E1F1C23E100B13C36 /* Data.swift in Sources */ = {isa = PBXBuildFile; fileRef = 4DBD8B2D1F1C23E100B13C36 /* Data.swift */; };
		4DBD8B361F1C23E100B13C36 /* TableViewCell.swift in Sources */ = {isa = PBXBuildFile; fileRef = 4DBD8B351F1C23E100B13C36 /* TableViewCell.swift */; };
		4DBD8B391F1C23E100B13C36 /* ViewController.swift in Sources */ = {isa = PBXBuildFile; fileRef = 4DBD8B381F1C23E100B13C36 /* ViewController.swift */; };
		4DBD8B3B1F1C23E100B13C36 /* Assets.xcassets in Resources */ = {isa = PBXBuildFile; fileRef = 4DBD8B3A1F1C23E100B13C36 /* Assets.xcassets */; };
		4DBD8B3E1F1C23E100B13C36 /* LaunchScreen.storyboard in Resources */ = {isa = PBXBuildFile; fileRef = 4DBD8B3C1F1C23E100B13C36 /* LaunchScreen.storyboard */; };
		4DBD8B521F1C27AE00B13C36 /* UIButtonX.swift in Sources */ = {isa = PBXBuildFile; fileRef = 4DBD8B471F1C27AE00B13C36 /* UIButtonX.swift */; };
		4DBD8B531F1C27AE00B13C36 /* UIImageViewWithMaskAndShadow.swift in Sources */ = {isa = PBXBuildFile; fileRef = 4DBD8B481F1C27AE00B13C36 /* UIImageViewWithMaskAndShadow.swift */; };
		4DBD8B541F1C27AE00B13C36 /* UIImageViewX.swift in Sources */ = {isa = PBXBuildFile; fileRef = 4DBD8B491F1C27AE00B13C36 /* UIImageViewX.swift */; };
		4DBD8B551F1C27AE00B13C36 /* UILabelX.swift in Sources */ = {isa = PBXBuildFile; fileRef = 4DBD8B4A1F1C27AE00B13C36 /* UILabelX.swift */; };
		4DBD8B561F1C27AE00B13C36 /* UISliderX.swift in Sources */ = {isa = PBXBuildFile; fileRef = 4DBD8B4B1F1C27AE00B13C36 /* UISliderX.swift */; };
		4DBD8B571F1C27AE00B13C36 /* UITextFieldX.swift in Sources */ = {isa = PBXBuildFile; fileRef = 4DBD8B4C1F1C27AE00B13C36 /* UITextFieldX.swift */; };
		4DBD8B581F1C27AE00B13C36 /* UIViewAnchorPoint.swift in Sources */ = {isa = PBXBuildFile; fileRef = 4DBD8B4D1F1C27AE00B13C36 /* UIViewAnchorPoint.swift */; };
		4DBD8B591F1C27AE00B13C36 /* UIViewControllerX.swift in Sources */ = {isa = PBXBuildFile; fileRef = 4DBD8B4E1F1C27AE00B13C36 /* UIViewControllerX.swift */; };
		4DBD8B5A1F1C27AE00B13C36 /* UIViewX.swift in Sources */ = {isa = PBXBuildFile; fileRef = 4DBD8B4F1F1C27AE00B13C36 /* UIViewX.swift */; };
		4DBD8B5B1F1C27AE00B13C36 /* UIViewXRadialGradient.swift in Sources */ = {isa = PBXBuildFile; fileRef = 4DBD8B501F1C27AE00B13C36 /* UIViewXRadialGradient.swift */; };
		4DBD8B5C1F1C27AE00B13C36 /* UIVisualEffectViewX.swift in Sources */ = {isa = PBXBuildFile; fileRef = 4DBD8B511F1C27AE00B13C36 /* UIVisualEffectViewX.swift */; };
		54B5521C203C300900CCABC2 /* ImageProcess.swift in Sources */ = {isa = PBXBuildFile; fileRef = 54B55216203C300800CCABC2 /* ImageProcess.swift */; };
		54B5521D203C300900CCABC2 /* RGBAImage.swift in Sources */ = {isa = PBXBuildFile; fileRef = 54B55217203C300900CCABC2 /* RGBAImage.swift */; };
		54B5521E203C300900CCABC2 /* ColourBlindHelper.swift in Sources */ = {isa = PBXBuildFile; fileRef = 54B55218203C300900CCABC2 /* ColourBlindHelper.swift */; };
		54B5521F203C300900CCABC2 /* Extensions.swift in Sources */ = {isa = PBXBuildFile; fileRef = 54B55219203C300900CCABC2 /* Extensions.swift */; };
		54B55220203C300900CCABC2 /* CustomFilter.swift in Sources */ = {isa = PBXBuildFile; fileRef = 54B5521A203C300900CCABC2 /* CustomFilter.swift */; };
		54B55221203C300900CCABC2 /* ByteImage.swift in Sources */ = {isa = PBXBuildFile; fileRef = 54B5521B203C300900CCABC2 /* ByteImage.swift */; };
		54C62C3B203C44640028C29E /* CameraFilterVC.swift in Sources */ = {isa = PBXBuildFile; fileRef = 54C62C3A203C44640028C29E /* CameraFilterVC.swift */; };
		B3B3C0FC201C9C7D001B1911 /* SettingsVC.swift in Sources */ = {isa = PBXBuildFile; fileRef = B3B3C0FB201C9C7D001B1911 /* SettingsVC.swift */; };
		B3B3C0FE201CA014001B1911 /* GalleryVC.swift in Sources */ = {isa = PBXBuildFile; fileRef = B3B3C0FD201CA014001B1911 /* GalleryVC.swift */; };
		B3B3C100201CA0C2001B1911 /* OnboardingVC.swift in Sources */ = {isa = PBXBuildFile; fileRef = B3B3C0FF201CA0C2001B1911 /* OnboardingVC.swift */; };
		B3B3C101201CA21E001B1911 /* Main.storyboard in Resources */ = {isa = PBXBuildFile; fileRef = B3B3C103201CA21E001B1911 /* Main.storyboard */; };
/* End PBXBuildFile section */

/* Begin PBXFileReference section */
		4DBD8B251F1C23E000B13C36 /* Colouriser.app */ = {isa = PBXFileReference; explicitFileType = wrapper.application; includeInIndex = 0; path = Colouriser.app; sourceTree = BUILT_PRODUCTS_DIR; };
		4DBD8B281F1C23E100B13C36 /* AppDelegate.swift */ = {isa = PBXFileReference; lastKnownFileType = sourcecode.swift; path = AppDelegate.swift; sourceTree = "<group>"; };
		4DBD8B2B1F1C23E100B13C36 /* Model.swift */ = {isa = PBXFileReference; lastKnownFileType = sourcecode.swift; path = Model.swift; sourceTree = "<group>"; };
		4DBD8B2D1F1C23E100B13C36 /* Data.swift */ = {isa = PBXFileReference; lastKnownFileType = sourcecode.swift; path = Data.swift; sourceTree = "<group>"; };
		4DBD8B351F1C23E100B13C36 /* TableViewCell.swift */ = {isa = PBXFileReference; lastKnownFileType = sourcecode.swift; path = TableViewCell.swift; sourceTree = "<group>"; };
		4DBD8B381F1C23E100B13C36 /* ViewController.swift */ = {isa = PBXFileReference; lastKnownFileType = sourcecode.swift; path = ViewController.swift; sourceTree = "<group>"; };
		4DBD8B3A1F1C23E100B13C36 /* Assets.xcassets */ = {isa = PBXFileReference; lastKnownFileType = folder.assetcatalog; path = Assets.xcassets; sourceTree = "<group>"; };
		4DBD8B3D1F1C23E100B13C36 /* Base */ = {isa = PBXFileReference; lastKnownFileType = file.storyboard; name = Base; path = Base.lproj/LaunchScreen.storyboard; sourceTree = "<group>"; };
		4DBD8B3F1F1C23E100B13C36 /* Info.plist */ = {isa = PBXFileReference; lastKnownFileType = text.plist.xml; path = Info.plist; sourceTree = "<group>"; };
		4DBD8B471F1C27AE00B13C36 /* UIButtonX.swift */ = {isa = PBXFileReference; fileEncoding = 4; lastKnownFileType = sourcecode.swift; path = UIButtonX.swift; sourceTree = "<group>"; };
		4DBD8B481F1C27AE00B13C36 /* UIImageViewWithMaskAndShadow.swift */ = {isa = PBXFileReference; fileEncoding = 4; lastKnownFileType = sourcecode.swift; path = UIImageViewWithMaskAndShadow.swift; sourceTree = "<group>"; };
		4DBD8B491F1C27AE00B13C36 /* UIImageViewX.swift */ = {isa = PBXFileReference; fileEncoding = 4; lastKnownFileType = sourcecode.swift; path = UIImageViewX.swift; sourceTree = "<group>"; };
		4DBD8B4A1F1C27AE00B13C36 /* UILabelX.swift */ = {isa = PBXFileReference; fileEncoding = 4; lastKnownFileType = sourcecode.swift; path = UILabelX.swift; sourceTree = "<group>"; };
		4DBD8B4B1F1C27AE00B13C36 /* UISliderX.swift */ = {isa = PBXFileReference; fileEncoding = 4; lastKnownFileType = sourcecode.swift; path = UISliderX.swift; sourceTree = "<group>"; };
		4DBD8B4C1F1C27AE00B13C36 /* UITextFieldX.swift */ = {isa = PBXFileReference; fileEncoding = 4; lastKnownFileType = sourcecode.swift; path = UITextFieldX.swift; sourceTree = "<group>"; };
		4DBD8B4D1F1C27AE00B13C36 /* UIViewAnchorPoint.swift */ = {isa = PBXFileReference; fileEncoding = 4; lastKnownFileType = sourcecode.swift; path = UIViewAnchorPoint.swift; sourceTree = "<group>"; };
		4DBD8B4E1F1C27AE00B13C36 /* UIViewControllerX.swift */ = {isa = PBXFileReference; fileEncoding = 4; lastKnownFileType = sourcecode.swift; path = UIViewControllerX.swift; sourceTree = "<group>"; };
		4DBD8B4F1F1C27AE00B13C36 /* UIViewX.swift */ = {isa = PBXFileReference; fileEncoding = 4; lastKnownFileType = sourcecode.swift; path = UIViewX.swift; sourceTree = "<group>"; };
		4DBD8B501F1C27AE00B13C36 /* UIViewXRadialGradient.swift */ = {isa = PBXFileReference; fileEncoding = 4; lastKnownFileType = sourcecode.swift; path = UIViewXRadialGradient.swift; sourceTree = "<group>"; };
		4DBD8B511F1C27AE00B13C36 /* UIVisualEffectViewX.swift */ = {isa = PBXFileReference; fileEncoding = 4; lastKnownFileType = sourcecode.swift; path = UIVisualEffectViewX.swift; sourceTree = "<group>"; };
		54B55216203C300800CCABC2 /* ImageProcess.swift */ = {isa = PBXFileReference; fileEncoding = 4; lastKnownFileType = sourcecode.swift; path = ImageProcess.swift; sourceTree = "<group>"; };
		54B55217203C300900CCABC2 /* RGBAImage.swift */ = {isa = PBXFileReference; fileEncoding = 4; lastKnownFileType = sourcecode.swift; path = RGBAImage.swift; sourceTree = "<group>"; };
		54B55218203C300900CCABC2 /* ColourBlindHelper.swift */ = {isa = PBXFileReference; fileEncoding = 4; lastKnownFileType = sourcecode.swift; path = ColourBlindHelper.swift; sourceTree = "<group>"; };
		54B55219203C300900CCABC2 /* Extensions.swift */ = {isa = PBXFileReference; fileEncoding = 4; lastKnownFileType = sourcecode.swift; path = Extensions.swift; sourceTree = "<group>"; };
		54B5521A203C300900CCABC2 /* CustomFilter.swift */ = {isa = PBXFileReference; fileEncoding = 4; lastKnownFileType = sourcecode.swift; path = CustomFilter.swift; sourceTree = "<group>"; };
		54B5521B203C300900CCABC2 /* ByteImage.swift */ = {isa = PBXFileReference; fileEncoding = 4; lastKnownFileType = sourcecode.swift; path = ByteImage.swift; sourceTree = "<group>"; };
		54C62C3A203C44640028C29E /* CameraFilterVC.swift */ = {isa = PBXFileReference; fileEncoding = 4; lastKnownFileType = sourcecode.swift; path = CameraFilterVC.swift; sourceTree = "<group>"; };
		B3B3C0FB201C9C7D001B1911 /* SettingsVC.swift */ = {isa = PBXFileReference; lastKnownFileType = sourcecode.swift; path = SettingsVC.swift; sourceTree = "<group>"; };
		B3B3C0FD201CA014001B1911 /* GalleryVC.swift */ = {isa = PBXFileReference; lastKnownFileType = sourcecode.swift; path = GalleryVC.swift; sourceTree = "<group>"; };
		B3B3C0FF201CA0C2001B1911 /* OnboardingVC.swift */ = {isa = PBXFileReference; lastKnownFileType = sourcecode.swift; path = OnboardingVC.swift; sourceTree = "<group>"; };
		B3B3C102201CA21E001B1911 /* Base */ = {isa = PBXFileReference; lastKnownFileType = file.storyboard; name = Base; path = Base.lproj/Main.storyboard; sourceTree = "<group>"; };
/* End PBXFileReference section */

/* Begin PBXFrameworksBuildPhase section */
		4DBD8B221F1C23E000B13C36 /* Frameworks */ = {
			isa = PBXFrameworksBuildPhase;
			buildActionMask = 2147483647;
			files = (
			);
			runOnlyForDeploymentPostprocessing = 0;
		};
/* End PBXFrameworksBuildPhase section */

/* Begin PBXGroup section */
		4DBD8B1C1F1C23E000B13C36 = {
			isa = PBXGroup;
			children = (
				4DBD8B271F1C23E000B13C36 /* Colouriser */,
				4DBD8B261F1C23E000B13C36 /* Products */,
			);
			sourceTree = "<group>";
		};
		4DBD8B261F1C23E000B13C36 /* Products */ = {
			isa = PBXGroup;
			children = (
				4DBD8B251F1C23E000B13C36 /* Colouriser.app */,
			);
			name = Products;
			sourceTree = "<group>";
		};
		4DBD8B271F1C23E000B13C36 /* Colouriser */ = {
			isa = PBXGroup;
			children = (
				4DBD8B451F1C240500B13C36 /* Resources */,
				4DBD8B2A1F1C23E100B13C36 /* Model */,
				4DBD8B321F1C23E100B13C36 /* View */,
				4DBD8B371F1C23E100B13C36 /* Controller */,
			);
			path = Colouriser;
			sourceTree = "<group>";
		};
		4DBD8B2A1F1C23E100B13C36 /* Model */ = {
			isa = PBXGroup;
			children = (
				4DBD8B2B1F1C23E100B13C36 /* Model.swift */,
				4DBD8B2D1F1C23E100B13C36 /* Data.swift */,
			);
			name = Model;
			sourceTree = "<group>";
		};
		4DBD8B321F1C23E100B13C36 /* View */ = {
			isa = PBXGroup;
			children = (
				4DBD8B3C1F1C23E100B13C36 /* LaunchScreen.storyboard */,
				B3B3C103201CA21E001B1911 /* Main.storyboard */,
				4DBD8B351F1C23E100B13C36 /* TableViewCell.swift */,
			);
			name = View;
			sourceTree = "<group>";
		};
		4DBD8B371F1C23E100B13C36 /* Controller */ = {
			isa = PBXGroup;
			children = (
				4DBD8B281F1C23E100B13C36 /* AppDelegate.swift */,
				4DBD8B381F1C23E100B13C36 /* ViewController.swift */,
				B3B3C0FB201C9C7D001B1911 /* SettingsVC.swift */,
				B3B3C0FD201CA014001B1911 /* GalleryVC.swift */,
				B3B3C0FF201CA0C2001B1911 /* OnboardingVC.swift */,
				54C62C3A203C44640028C29E /* CameraFilterVC.swift */,
			);
			name = Controller;
			sourceTree = "<group>";
		};
		4DBD8B451F1C240500B13C36 /* Resources */ = {
			isa = PBXGroup;
			children = (
				54B5521B203C300900CCABC2 /* ByteImage.swift */,
				54B55218203C300900CCABC2 /* ColourBlindHelper.swift */,
				54B5521A203C300900CCABC2 /* CustomFilter.swift */,
				54B55219203C300900CCABC2 /* Extensions.swift */,
				54B55216203C300800CCABC2 /* ImageProcess.swift */,
				54B55217203C300900CCABC2 /* RGBAImage.swift */,
				4DBD8B461F1C27AE00B13C36 /* DesignableX */,
				4DBD8B3F1F1C23E100B13C36 /* Info.plist */,
				4DBD8B3A1F1C23E100B13C36 /* Assets.xcassets */,
			);
			name = Resources;
			sourceTree = "<group>";
		};
		4DBD8B461F1C27AE00B13C36 /* DesignableX */ = {
			isa = PBXGroup;
			children = (
				4DBD8B471F1C27AE00B13C36 /* UIButtonX.swift */,
				4DBD8B481F1C27AE00B13C36 /* UIImageViewWithMaskAndShadow.swift */,
				4DBD8B491F1C27AE00B13C36 /* UIImageViewX.swift */,
				4DBD8B4A1F1C27AE00B13C36 /* UILabelX.swift */,
				4DBD8B4B1F1C27AE00B13C36 /* UISliderX.swift */,
				4DBD8B4C1F1C27AE00B13C36 /* UITextFieldX.swift */,
				4DBD8B4D1F1C27AE00B13C36 /* UIViewAnchorPoint.swift */,
				4DBD8B4E1F1C27AE00B13C36 /* UIViewControllerX.swift */,
				4DBD8B4F1F1C27AE00B13C36 /* UIViewX.swift */,
				4DBD8B501F1C27AE00B13C36 /* UIViewXRadialGradient.swift */,
				4DBD8B511F1C27AE00B13C36 /* UIVisualEffectViewX.swift */,
			);
			path = DesignableX;
			sourceTree = "<group>";
		};
/* End PBXGroup section */

/* Begin PBXNativeTarget section */
		4DBD8B241F1C23E000B13C36 /* Colouriser */ = {
			isa = PBXNativeTarget;
			buildConfigurationList = 4DBD8B421F1C23E100B13C36 /* Build configuration list for PBXNativeTarget "Colouriser" */;
			buildPhases = (
				4DBD8B211F1C23E000B13C36 /* Sources */,
				4DBD8B221F1C23E000B13C36 /* Frameworks */,
				4DBD8B231F1C23E000B13C36 /* Resources */,
			);
			buildRules = (
			);
			dependencies = (
			);
			name = Colouriser;
			productName = SidebarMenu;
			productReference = 4DBD8B251F1C23E000B13C36 /* Colouriser.app */;
			productType = "com.apple.product-type.application";
		};
/* End PBXNativeTarget section */

/* Begin PBXProject section */
		4DBD8B1D1F1C23E000B13C36 /* Project object */ = {
			isa = PBXProject;
			attributes = {
				LastSwiftUpdateCheck = 0830;
				LastUpgradeCheck = 0920;
				ORGANIZATIONNAME = "Mark Moeykens";
				TargetAttributes = {
					4DBD8B241F1C23E000B13C36 = {
						CreatedOnToolsVersion = 8.3.3;
						DevelopmentTeam = GUUT9QSKM3;
						ProvisioningStyle = Automatic;
					};
				};
			};
			buildConfigurationList = 4DBD8B201F1C23E000B13C36 /* Build configuration list for PBXProject "Colouriser" */;
			compatibilityVersion = "Xcode 3.2";
			developmentRegion = English;
			hasScannedForEncodings = 0;
			knownRegions = (
				en,
				Base,
			);
			mainGroup = 4DBD8B1C1F1C23E000B13C36;
			productRefGroup = 4DBD8B261F1C23E000B13C36 /* Products */;
			projectDirPath = "";
			projectRoot = "";
			targets = (
				4DBD8B241F1C23E000B13C36 /* Colouriser */,
			);
		};
/* End PBXProject section */

/* Begin PBXResourcesBuildPhase section */
		4DBD8B231F1C23E000B13C36 /* Resources */ = {
			isa = PBXResourcesBuildPhase;
			buildActionMask = 2147483647;
			files = (
				4DBD8B3E1F1C23E100B13C36 /* LaunchScreen.storyboard in Resources */,
				4DBD8B3B1F1C23E100B13C36 /* Assets.xcassets in Resources */,
				B3B3C101201CA21E001B1911 /* Main.storyboard in Resources */,
			);
			runOnlyForDeploymentPostprocessing = 0;
		};
/* End PBXResourcesBuildPhase section */

/* Begin PBXSourcesBuildPhase section */
		4DBD8B211F1C23E000B13C36 /* Sources */ = {
			isa = PBXSourcesBuildPhase;
			buildActionMask = 2147483647;
			files = (
				54B5521F203C300900CCABC2 /* Extensions.swift in Sources */,
				4DBD8B581F1C27AE00B13C36 /* UIViewAnchorPoint.swift in Sources */,
				4DBD8B551F1C27AE00B13C36 /* UILabelX.swift in Sources */,
				4DBD8B561F1C27AE00B13C36 /* UISliderX.swift in Sources */,
				54B5521C203C300900CCABC2 /* ImageProcess.swift in Sources */,
				54B55221203C300900CCABC2 /* ByteImage.swift in Sources */,
				4DBD8B391F1C23E100B13C36 /* ViewController.swift in Sources */,
				4DBD8B541F1C27AE00B13C36 /* UIImageViewX.swift in Sources */,
				4DBD8B5A1F1C27AE00B13C36 /* UIViewX.swift in Sources */,
				B3B3C0FC201C9C7D001B1911 /* SettingsVC.swift in Sources */,
				B3B3C100201CA0C2001B1911 /* OnboardingVC.swift in Sources */,
				54B5521E203C300900CCABC2 /* ColourBlindHelper.swift in Sources */,
				4DBD8B5C1F1C27AE00B13C36 /* UIVisualEffectViewX.swift in Sources */,
				4DBD8B291F1C23E100B13C36 /* AppDelegate.swift in Sources */,
				4DBD8B531F1C27AE00B13C36 /* UIImageViewWithMaskAndShadow.swift in Sources */,
				B3B3C0FE201CA014001B1911 /* GalleryVC.swift in Sources */,
				4DBD8B5B1F1C27AE00B13C36 /* UIViewXRadialGradient.swift in Sources */,
				54C62C3B203C44640028C29E /* CameraFilterVC.swift in Sources */,
				4DBD8B591F1C27AE00B13C36 /* UIViewControllerX.swift in Sources */,
				4DBD8B521F1C27AE00B13C36 /* UIButtonX.swift in Sources */,
				4DBD8B361F1C23E100B13C36 /* TableViewCell.swift in Sources */,
				4DBD8B571F1C27AE00B13C36 /* UITextFieldX.swift in Sources */,
				4DBD8B2E1F1C23E100B13C36 /* Data.swift in Sources */,
				54B5521D203C300900CCABC2 /* RGBAImage.swift in Sources */,
				54B55220203C300900CCABC2 /* CustomFilter.swift in Sources */,
				4DBD8B2C1F1C23E100B13C36 /* Model.swift in Sources */,
			);
			runOnlyForDeploymentPostprocessing = 0;
		};
/* End PBXSourcesBuildPhase section */

/* Begin PBXVariantGroup section */
		4DBD8B3C1F1C23E100B13C36 /* LaunchScreen.storyboard */ = {
			isa = PBXVariantGroup;
			children = (
				4DBD8B3D1F1C23E100B13C36 /* Base */,
			);
			name = LaunchScreen.storyboard;
			sourceTree = "<group>";
		};
		B3B3C103201CA21E001B1911 /* Main.storyboard */ = {
			isa = PBXVariantGroup;
			children = (
				B3B3C102201CA21E001B1911 /* Base */,
			);
			name = Main.storyboard;
			sourceTree = "<group>";
		};
/* End PBXVariantGroup section */

/* Begin XCBuildConfiguration section */
		4DBD8B401F1C23E100B13C36 /* Debug */ = {
			isa = XCBuildConfiguration;
			buildSettings = {
				ALWAYS_SEARCH_USER_PATHS = NO;
				CLANG_ANALYZER_NONNULL = YES;
				CLANG_ANALYZER_NUMBER_OBJECT_CONVERSION = YES_AGGRESSIVE;
				CLANG_CXX_LANGUAGE_STANDARD = "gnu++0x";
				CLANG_CXX_LIBRARY = "libc++";
				CLANG_ENABLE_MODULES = YES;
				CLANG_ENABLE_OBJC_ARC = YES;
				CLANG_WARN_BLOCK_CAPTURE_AUTORELEASING = YES;
				CLANG_WARN_BOOL_CONVERSION = YES;
				CLANG_WARN_COMMA = YES;
				CLANG_WARN_CONSTANT_CONVERSION = YES;
				CLANG_WARN_DIRECT_OBJC_ISA_USAGE = YES_ERROR;
				CLANG_WARN_DOCUMENTATION_COMMENTS = YES;
				CLANG_WARN_EMPTY_BODY = YES;
				CLANG_WARN_ENUM_CONVERSION = YES;
				CLANG_WARN_INFINITE_RECURSION = YES;
				CLANG_WARN_INT_CONVERSION = YES;
				CLANG_WARN_NON_LITERAL_NULL_CONVERSION = YES;
				CLANG_WARN_OBJC_LITERAL_CONVERSION = YES;
				CLANG_WARN_OBJC_ROOT_CLASS = YES_ERROR;
				CLANG_WARN_RANGE_LOOP_ANALYSIS = YES;
				CLANG_WARN_STRICT_PROTOTYPES = YES;
				CLANG_WARN_SUSPICIOUS_MOVE = YES;
				CLANG_WARN_UNREACHABLE_CODE = YES;
				CLANG_WARN__DUPLICATE_METHOD_MATCH = YES;
				"CODE_SIGN_IDENTITY[sdk=iphoneos*]" = "iPhone Developer";
				COPY_PHASE_STRIP = NO;
				DEBUG_INFORMATION_FORMAT = dwarf;
				ENABLE_STRICT_OBJC_MSGSEND = YES;
				ENABLE_TESTABILITY = YES;
				GCC_C_LANGUAGE_STANDARD = gnu99;
				GCC_DYNAMIC_NO_PIC = NO;
				GCC_NO_COMMON_BLOCKS = YES;
				GCC_OPTIMIZATION_LEVEL = 0;
				GCC_PREPROCESSOR_DEFINITIONS = (
					"DEBUG=1",
					"$(inherited)",
				);
				GCC_WARN_64_TO_32_BIT_CONVERSION = YES;
				GCC_WARN_ABOUT_RETURN_TYPE = YES_ERROR;
				GCC_WARN_UNDECLARED_SELECTOR = YES;
				GCC_WARN_UNINITIALIZED_AUTOS = YES_AGGRESSIVE;
				GCC_WARN_UNUSED_FUNCTION = YES;
				GCC_WARN_UNUSED_VARIABLE = YES;
				IPHONEOS_DEPLOYMENT_TARGET = 11.2;
				MTL_ENABLE_DEBUG_INFO = YES;
				ONLY_ACTIVE_ARCH = YES;
				SDKROOT = iphoneos;
				SWIFT_ACTIVE_COMPILATION_CONDITIONS = DEBUG;
				SWIFT_OPTIMIZATION_LEVEL = "-Onone";
				TARGETED_DEVICE_FAMILY = "1,2";
			};
			name = Debug;
		};
		4DBD8B411F1C23E100B13C36 /* Release */ = {
			isa = XCBuildConfiguration;
			buildSettings = {
				ALWAYS_SEARCH_USER_PATHS = NO;
				CLANG_ANALYZER_NONNULL = YES;
				CLANG_ANALYZER_NUMBER_OBJECT_CONVERSION = YES_AGGRESSIVE;
				CLANG_CXX_LANGUAGE_STANDARD = "gnu++0x";
				CLANG_CXX_LIBRARY = "libc++";
				CLANG_ENABLE_MODULES = YES;
				CLANG_ENABLE_OBJC_ARC = YES;
				CLANG_WARN_BLOCK_CAPTURE_AUTORELEASING = YES;
				CLANG_WARN_BOOL_CONVERSION = YES;
				CLANG_WARN_COMMA = YES;
				CLANG_WARN_CONSTANT_CONVERSION = YES;
				CLANG_WARN_DIRECT_OBJC_ISA_USAGE = YES_ERROR;
				CLANG_WARN_DOCUMENTATION_COMMENTS = YES;
				CLANG_WARN_EMPTY_BODY = YES;
				CLANG_WARN_ENUM_CONVERSION = YES;
				CLANG_WARN_INFINITE_RECURSION = YES;
				CLANG_WARN_INT_CONVERSION = YES;
				CLANG_WARN_NON_LITERAL_NULL_CONVERSION = YES;
				CLANG_WARN_OBJC_LITERAL_CONVERSION = YES;
				CLANG_WARN_OBJC_ROOT_CLASS = YES_ERROR;
				CLANG_WARN_RANGE_LOOP_ANALYSIS = YES;
				CLANG_WARN_STRICT_PROTOTYPES = YES;
				CLANG_WARN_SUSPICIOUS_MOVE = YES;
				CLANG_WARN_UNREACHABLE_CODE = YES;
				CLANG_WARN__DUPLICATE_METHOD_MATCH = YES;
				"CODE_SIGN_IDENTITY[sdk=iphoneos*]" = "iPhone Developer";
				COPY_PHASE_STRIP = NO;
				DEBUG_INFORMATION_FORMAT = "dwarf-with-dsym";
				ENABLE_NS_ASSERTIONS = NO;
				ENABLE_STRICT_OBJC_MSGSEND = YES;
				GCC_C_LANGUAGE_STANDARD = gnu99;
				GCC_NO_COMMON_BLOCKS = YES;
				GCC_WARN_64_TO_32_BIT_CONVERSION = YES;
				GCC_WARN_ABOUT_RETURN_TYPE = YES_ERROR;
				GCC_WARN_UNDECLARED_SELECTOR = YES;
				GCC_WARN_UNINITIALIZED_AUTOS = YES_AGGRESSIVE;
				GCC_WARN_UNUSED_FUNCTION = YES;
				GCC_WARN_UNUSED_VARIABLE = YES;
				IPHONEOS_DEPLOYMENT_TARGET = 11.2;
				MTL_ENABLE_DEBUG_INFO = NO;
				SDKROOT = iphoneos;
				SWIFT_OPTIMIZATION_LEVEL = "-Owholemodule";
				TARGETED_DEVICE_FAMILY = "1,2";
				VALIDATE_PRODUCT = YES;
			};
			name = Release;
		};
		4DBD8B431F1C23E100B13C36 /* Debug */ = {
			isa = XCBuildConfiguration;
			buildSettings = {
				DEVELOPMENT_TEAM = GUUT9QSKM3;
				INFOPLIST_FILE = Colouriser/Info.plist;
				IPHONEOS_DEPLOYMENT_TARGET = 11.3;
				LD_RUNPATH_SEARCH_PATHS = "$(inherited) @executable_path/Frameworks";
				PRODUCT_BUNDLE_IDENTIFIER = com.walterbassage.Colouriser;
				PRODUCT_NAME = "$(TARGET_NAME)";
				SWIFT_VERSION = 4.0;
			};
			name = Debug;
		};
		4DBD8B441F1C23E100B13C36 /* Release */ = {
			isa = XCBuildConfiguration;
			buildSettings = {
				DEVELOPMENT_TEAM = GUUT9QSKM3;
				INFOPLIST_FILE = Colouriser/Info.plist;
				IPHONEOS_DEPLOYMENT_TARGET = 11.3;
				LD_RUNPATH_SEARCH_PATHS = "$(inherited) @executable_path/Frameworks";
				PRODUCT_BUNDLE_IDENTIFIER = com.walterbassage.Colouriser;
				PRODUCT_NAME = "$(TARGET_NAME)";
				SWIFT_VERSION = 4.0;
			};
			name = Release;
		};
/* End XCBuildConfiguration section */

/* Begin XCConfigurationList section */
		4DBD8B201F1C23E000B13C36 /* Build configuration list for PBXProject "Colouriser" */ = {
			isa = XCConfigurationList;
			buildConfigurations = (
				4DBD8B401F1C23E100B13C36 /* Debug */,
				4DBD8B411F1C23E100B13C36 /* Release */,
			);
			defaultConfigurationIsVisible = 0;
			defaultConfigurationName = Release;
		};
		4DBD8B421F1C23E100B13C36 /* Build configuration list for PBXNativeTarget "Colouriser" */ = {
			isa = XCConfigurationList;
			buildConfigurations = (
				4DBD8B431F1C23E100B13C36 /* Debug */,
				4DBD8B441F1C23E100B13C36 /* Release */,
			);
			defaultConfigurationIsVisible = 0;
			defaultConfigurationName = Release;
		};
/* End XCConfigurationList section */
	};
	rootObject = 4DBD8B1D1F1C23E000B13C36 /* Project object */;
}
